
Microsoft Visual Studio Solution File, Format Version 12.00
# Visual Studio Version 17
VisualStudioVersion = 17.0.31611.283
MinimumVisualStudioVersion = 10.0.40219.1
Project("{9A19103F-16F7-4668-BE54-9A1E7A4F7556}") = "eShopOnContainers", "eShopOnContainers\eShopOnContainers.csproj", "{A3FDE011-C268-4319-A0BF-3151DEA5EF90}"
EndProject
Project("{9A19103F-16F7-4668-BE54-9A1E7A4F7556}") = "eShopOnContainers.UnitTests", "eShopOnContainers.UnitTests\eShopOnContainers.UnitTests.csproj", "{2F62F414-42B8-4663-96BB-FF00E63B2929}"
EndProject
Project("{2150E333-8FDC-42A3-9474-1A3956D46DE8}") = "Solution Items", "Solution Items", "{26C3A3EB-3DB4-46A0-91C8-500FEC1CDA16}"
	ProjectSection(SolutionItems) = preProject
		.github\workflows\build-validation.yml = .github\workflows\build-validation.yml
		README.md = README.md
	EndProjectSection
EndProject
Global
	GlobalSection(SolutionConfigurationPlatforms) = preSolution
		Debug|Any CPU = Debug|Any CPU
		Release|Any CPU = Release|Any CPU
	EndGlobalSection
	GlobalSection(ProjectConfigurationPlatforms) = postSolution
		{A3FDE011-C268-4319-A0BF-3151DEA5EF90}.Debug|Any CPU.ActiveCfg = Debug|Any CPU
		{A3FDE011-C268-4319-A0BF-3151DEA5EF90}.Debug|Any CPU.Build.0 = Debug|Any CPU
		{A3FDE011-C268-4319-A0BF-3151DEA5EF90}.Debug|Any CPU.Deploy.0 = Debug|Any CPU
		{A3FDE011-C268-4319-A0BF-3151DEA5EF90}.Release|Any CPU.ActiveCfg = Release|Any CPU
		{A3FDE011-C268-4319-A0BF-3151DEA5EF90}.Release|Any CPU.Build.0 = Release|Any CPU
		{A3FDE011-C268-4319-A0BF-3151DEA5EF90}.Release|Any CPU.Deploy.0 = Release|Any CPU
		{2F62F414-42B8-4663-96BB-FF00E63B2929}.Debug|Any CPU.ActiveCfg = Debug|Any CPU
		{2F62F414-42B8-4663-96BB-FF00E63B2929}.Debug|Any CPU.Build.0 = Debug|Any CPU
		{2F62F414-42B8-4663-96BB-FF00E63B2929}.Release|Any CPU.ActiveCfg = Release|Any CPU
		{2F62F414-42B8-4663-96BB-FF00E63B2929}.Release|Any CPU.Build.0 = Release|Any CPU
	EndGlobalSection
	GlobalSection(SolutionProperties) = preSolution
		HideSolutionNode = FALSE
	EndGlobalSection
	GlobalSection(ExtensibilityGlobals) = postSolution
		SolutionGuid = {61F7FB11-1E47-470C-91E2-47F8143E1572}
	EndGlobalSection
EndGlobal
